
Microsoft Visual Studio Solution File, Format Version 12.00
# Visual Studio Version 16
VisualStudioVersion = 16.0.29215.179
MinimumVisualStudioVersion = 10.0.40219.1
Project("{FAE04EC0-301F-11D3-BF4B-00C04F79EFBC}") = "RoR2_Cheat", "RoR2_Cheat\RoR2_Cheat.csproj", "{69D4F491-9ADB-483B-B316-CF86E185AD2B}"
EndProject
Global
	GlobalSection(SolutionConfigurationPlatforms) = preSolution
		Debug|Any CPU = Debug|Any CPU
		Release|Any CPU = Release|Any CPU
	EndGlobalSection
	GlobalSection(ProjectConfigurationPlatforms) = postSolution
		{69D4F491-9ADB-483B-B316-CF86E185AD2B}.Debug|Any CPU.ActiveCfg = Debug|Any CPU
		{69D4F491-9ADB-483B-B316-CF86E185AD2B}.Debug|Any CPU.Build.0 = Debug|Any CPU
		{69D4F491-9ADB-483B-B316-CF86E185AD2B}.Release|Any CPU.ActiveCfg = Release|Any CPU
		{69D4F491-9ADB-483B-B316-CF86E185AD2B}.Release|Any CPU.Build.0 = Release|Any CPU
	EndGlobalSection
	GlobalSection(SolutionProperties) = preSolution
		HideSolutionNode = FALSE
	EndGlobalSection
	GlobalSection(ExtensibilityGlobals) = postSolution
		SolutionGuid = {03FB0F20-328D-4A2C-9821-76E85AE32A20}
	EndGlobalSection
EndGlobal
